
Microsoft Visual Studio Solution File, Format Version 12.00
# Visual Studio 15
VisualStudioVersion = 15.0.28307.421
MinimumVisualStudioVersion = 10.0.40219.1
Project("{FAE04EC0-301F-11D3-BF4B-00C04F79EFBC}") = "Laborator2", "Laborator2\Laborator2.csproj", "{CD67F5A1-2AB9-4A53-831F-790F63531D22}"
EndProject
Project("{FAE04EC0-301F-11D3-BF4B-00C04F79EFBC}") = "RotirePatrat", "RotirePatrat\RotirePatrat.csproj", "{E0EE364B-1D44-4F89-92EA-B8E7FB9E52DB}"
EndProject
Project("{FAE04EC0-301F-11D3-BF4B-00C04F79EFBC}") = "RotireRomb2", "RotireRomb2\RotireRomb2.csproj", "{5B401572-6188-4246-B30E-8791A6A39245}"
EndProject
Global
	GlobalSection(SolutionConfigurationPlatforms) = preSolution
		Debug|Any CPU = Debug|Any CPU
		Release|Any CPU = Release|Any CPU
	EndGlobalSection
	GlobalSection(ProjectConfigurationPlatforms) = postSolution
		{CD67F5A1-2AB9-4A53-831F-790F63531D22}.Debug|Any CPU.ActiveCfg = Debug|Any CPU
		{CD67F5A1-2AB9-4A53-831F-790F63531D22}.Debug|Any CPU.Build.0 = Debug|Any CPU
		{CD67F5A1-2AB9-4A53-831F-790F63531D22}.Release|Any CPU.ActiveCfg = Release|Any CPU
		{CD67F5A1-2AB9-4A53-831F-790F63531D22}.Release|Any CPU.Build.0 = Release|Any CPU
		{E0EE364B-1D44-4F89-92EA-B8E7FB9E52DB}.Debug|Any CPU.ActiveCfg = Debug|Any CPU
		{E0EE364B-1D44-4F89-92EA-B8E7FB9E52DB}.Debug|Any CPU.Build.0 = Debug|Any CPU
		{E0EE364B-1D44-4F89-92EA-B8E7FB9E52DB}.Release|Any CPU.ActiveCfg = Release|Any CPU
		{E0EE364B-1D44-4F89-92EA-B8E7FB9E52DB}.Release|Any CPU.Build.0 = Release|Any CPU
		{5B401572-6188-4246-B30E-8791A6A39245}.Debug|Any CPU.ActiveCfg = Debug|Any CPU
		{5B401572-6188-4246-B30E-8791A6A39245}.Debug|Any CPU.Build.0 = Debug|Any CPU
		{5B401572-6188-4246-B30E-8791A6A39245}.Release|Any CPU.ActiveCfg = Release|Any CPU
		{5B401572-6188-4246-B30E-8791A6A39245}.Release|Any CPU.Build.0 = Release|Any CPU
	EndGlobalSection
	GlobalSection(SolutionProperties) = preSolution
		HideSolutionNode = FALSE
	EndGlobalSection
	GlobalSection(ExtensibilityGlobals) = postSolution
		SolutionGuid = {D3BFECED-588E-4B7F-8710-0D950B8DCED6}
	EndGlobalSection
EndGlobal
