
Microsoft Visual Studio Solution File, Format Version 12.00
# Visual Studio 15
VisualStudioVersion = 15.0.28307.572
MinimumVisualStudioVersion = 10.0.40219.1
Project("{FAE04EC0-301F-11D3-BF4B-00C04F79EFBC}") = "DelaunayColorat", "Delaunay\DelaunayColorat.csproj", "{4EA81FE3-6013-44FB-9C69-93A9AE140C90}"
EndProject
Project("{FAE04EC0-301F-11D3-BF4B-00C04F79EFBC}") = "DelaunayArii", "DelaunayArii\DelaunayArii.csproj", "{5BB76476-99D6-4FC3-ADC2-6509702EFB2B}"
EndProject
Global
	GlobalSection(SolutionConfigurationPlatforms) = preSolution
		Debug|Any CPU = Debug|Any CPU
		Release|Any CPU = Release|Any CPU
	EndGlobalSection
	GlobalSection(ProjectConfigurationPlatforms) = postSolution
		{4EA81FE3-6013-44FB-9C69-93A9AE140C90}.Debug|Any CPU.ActiveCfg = Debug|Any CPU
		{4EA81FE3-6013-44FB-9C69-93A9AE140C90}.Debug|Any CPU.Build.0 = Debug|Any CPU
		{4EA81FE3-6013-44FB-9C69-93A9AE140C90}.Release|Any CPU.ActiveCfg = Release|Any CPU
		{4EA81FE3-6013-44FB-9C69-93A9AE140C90}.Release|Any CPU.Build.0 = Release|Any CPU
		{5BB76476-99D6-4FC3-ADC2-6509702EFB2B}.Debug|Any CPU.ActiveCfg = Debug|Any CPU
		{5BB76476-99D6-4FC3-ADC2-6509702EFB2B}.Debug|Any CPU.Build.0 = Debug|Any CPU
		{5BB76476-99D6-4FC3-ADC2-6509702EFB2B}.Release|Any CPU.ActiveCfg = Release|Any CPU
		{5BB76476-99D6-4FC3-ADC2-6509702EFB2B}.Release|Any CPU.Build.0 = Release|Any CPU
	EndGlobalSection
	GlobalSection(SolutionProperties) = preSolution
		HideSolutionNode = FALSE
	EndGlobalSection
	GlobalSection(ExtensibilityGlobals) = postSolution
		SolutionGuid = {2A77F86F-3709-4159-B65B-E6C6BAA9DD41}
	EndGlobalSection
EndGlobal
