
Microsoft Visual Studio Solution File, Format Version 12.00
# Visual Studio 15
VisualStudioVersion = 15.0.28307.421
MinimumVisualStudioVersion = 10.0.40219.1
Project("{FAE04EC0-301F-11D3-BF4B-00C04F79EFBC}") = "Triunghiualizare", "Triunghiualizare\Triunghiualizare.csproj", "{1BEC7331-B137-46EC-B1DC-4732A8031CFF}"
EndProject
Project("{FAE04EC0-301F-11D3-BF4B-00C04F79EFBC}") = "Problema1", "Problema1\Problema1.csproj", "{5ED73465-7353-4953-9829-475215EA7179}"
EndProject
Project("{FAE04EC0-301F-11D3-BF4B-00C04F79EFBC}") = "Problema02", "Problema02\Problema02.csproj", "{0305908D-FBCC-4B14-9D23-AC9F56BF2878}"
EndProject
Project("{FAE04EC0-301F-11D3-BF4B-00C04F79EFBC}") = "PasCuPas", "PasCuPas\PasCuPas.csproj", "{7A11F038-5F9D-4C60-B775-64296FEF44B9}"
EndProject
Global
	GlobalSection(SolutionConfigurationPlatforms) = preSolution
		Debug|Any CPU = Debug|Any CPU
		Release|Any CPU = Release|Any CPU
	EndGlobalSection
	GlobalSection(ProjectConfigurationPlatforms) = postSolution
		{1BEC7331-B137-46EC-B1DC-4732A8031CFF}.Debug|Any CPU.ActiveCfg = Debug|Any CPU
		{1BEC7331-B137-46EC-B1DC-4732A8031CFF}.Debug|Any CPU.Build.0 = Debug|Any CPU
		{1BEC7331-B137-46EC-B1DC-4732A8031CFF}.Release|Any CPU.ActiveCfg = Release|Any CPU
		{1BEC7331-B137-46EC-B1DC-4732A8031CFF}.Release|Any CPU.Build.0 = Release|Any CPU
		{5ED73465-7353-4953-9829-475215EA7179}.Debug|Any CPU.ActiveCfg = Debug|Any CPU
		{5ED73465-7353-4953-9829-475215EA7179}.Debug|Any CPU.Build.0 = Debug|Any CPU
		{5ED73465-7353-4953-9829-475215EA7179}.Release|Any CPU.ActiveCfg = Release|Any CPU
		{5ED73465-7353-4953-9829-475215EA7179}.Release|Any CPU.Build.0 = Release|Any CPU
		{0305908D-FBCC-4B14-9D23-AC9F56BF2878}.Debug|Any CPU.ActiveCfg = Debug|Any CPU
		{0305908D-FBCC-4B14-9D23-AC9F56BF2878}.Debug|Any CPU.Build.0 = Debug|Any CPU
		{0305908D-FBCC-4B14-9D23-AC9F56BF2878}.Release|Any CPU.ActiveCfg = Release|Any CPU
		{0305908D-FBCC-4B14-9D23-AC9F56BF2878}.Release|Any CPU.Build.0 = Release|Any CPU
		{7A11F038-5F9D-4C60-B775-64296FEF44B9}.Debug|Any CPU.ActiveCfg = Debug|Any CPU
		{7A11F038-5F9D-4C60-B775-64296FEF44B9}.Debug|Any CPU.Build.0 = Debug|Any CPU
		{7A11F038-5F9D-4C60-B775-64296FEF44B9}.Release|Any CPU.ActiveCfg = Release|Any CPU
		{7A11F038-5F9D-4C60-B775-64296FEF44B9}.Release|Any CPU.Build.0 = Release|Any CPU
	EndGlobalSection
	GlobalSection(SolutionProperties) = preSolution
		HideSolutionNode = FALSE
	EndGlobalSection
	GlobalSection(ExtensibilityGlobals) = postSolution
		SolutionGuid = {B0881E7E-CA9B-4491-98D1-9BCBDE66307D}
	EndGlobalSection
EndGlobal
