
Microsoft Visual Studio Solution File, Format Version 12.00
# Visual Studio 15
VisualStudioVersion = 15.0.28307.421
MinimumVisualStudioVersion = 10.0.40219.1
Project("{FAE04EC0-301F-11D3-BF4B-00C04F79EFBC}") = "Jarvis", "AcopeririConvexe\Jarvis.csproj", "{44A05EF1-9662-486A-B1FE-0BAE927EC0CC}"
EndProject
Global
	GlobalSection(SolutionConfigurationPlatforms) = preSolution
		Debug|Any CPU = Debug|Any CPU
		Release|Any CPU = Release|Any CPU
	EndGlobalSection
	GlobalSection(ProjectConfigurationPlatforms) = postSolution
		{44A05EF1-9662-486A-B1FE-0BAE927EC0CC}.Debug|Any CPU.ActiveCfg = Debug|Any CPU
		{44A05EF1-9662-486A-B1FE-0BAE927EC0CC}.Debug|Any CPU.Build.0 = Debug|Any CPU
		{44A05EF1-9662-486A-B1FE-0BAE927EC0CC}.Release|Any CPU.ActiveCfg = Release|Any CPU
		{44A05EF1-9662-486A-B1FE-0BAE927EC0CC}.Release|Any CPU.Build.0 = Release|Any CPU
	EndGlobalSection
	GlobalSection(SolutionProperties) = preSolution
		HideSolutionNode = FALSE
	EndGlobalSection
	GlobalSection(ExtensibilityGlobals) = postSolution
		SolutionGuid = {1DF6F91F-E999-4779-9269-CC6742ED551E}
	EndGlobalSection
EndGlobal
