
Microsoft Visual Studio Solution File, Format Version 12.00
# Visual Studio 15
VisualStudioVersion = 15.0.28307.421
MinimumVisualStudioVersion = 10.0.40219.1
Project("{FAE04EC0-301F-11D3-BF4B-00C04F79EFBC}") = "Vectori", "Lab3\Vectori.csproj", "{9F84B208-8699-41DA-9230-B9C95B384B59}"
EndProject
Project("{FAE04EC0-301F-11D3-BF4B-00C04F79EFBC}") = "Elipse", "Elipse\Elipse.csproj", "{9F7E78AA-B5E8-40A8-9545-DCD40212C703}"
EndProject
Global
	GlobalSection(SolutionConfigurationPlatforms) = preSolution
		Debug|Any CPU = Debug|Any CPU
		Release|Any CPU = Release|Any CPU
	EndGlobalSection
	GlobalSection(ProjectConfigurationPlatforms) = postSolution
		{9F84B208-8699-41DA-9230-B9C95B384B59}.Debug|Any CPU.ActiveCfg = Debug|Any CPU
		{9F84B208-8699-41DA-9230-B9C95B384B59}.Debug|Any CPU.Build.0 = Debug|Any CPU
		{9F84B208-8699-41DA-9230-B9C95B384B59}.Release|Any CPU.ActiveCfg = Release|Any CPU
		{9F84B208-8699-41DA-9230-B9C95B384B59}.Release|Any CPU.Build.0 = Release|Any CPU
		{9F7E78AA-B5E8-40A8-9545-DCD40212C703}.Debug|Any CPU.ActiveCfg = Debug|Any CPU
		{9F7E78AA-B5E8-40A8-9545-DCD40212C703}.Debug|Any CPU.Build.0 = Debug|Any CPU
		{9F7E78AA-B5E8-40A8-9545-DCD40212C703}.Release|Any CPU.ActiveCfg = Release|Any CPU
		{9F7E78AA-B5E8-40A8-9545-DCD40212C703}.Release|Any CPU.Build.0 = Release|Any CPU
	EndGlobalSection
	GlobalSection(SolutionProperties) = preSolution
		HideSolutionNode = FALSE
	EndGlobalSection
	GlobalSection(ExtensibilityGlobals) = postSolution
		SolutionGuid = {60CB4724-5045-4C40-9B34-773611580E07}
	EndGlobalSection
EndGlobal
